{
  "name": "argo-test",
  "version": "1.0.5",
  "lockfileVersion": 2,
  "requires": true,
  "packages": {
    "": {
      "name": "argo-test",
      "version": "1.0.5",
      "license": "ISC",
      "dependencies": {
        "env-var": "^7.1.1"
      }
    },
    "node_modules/env-var": {
      "version": "7.1.1",
      "resolved": "https://registry.npmjs.org/env-var/-/env-var-7.1.1.tgz",
      "integrity": "sha512-4+vvlq+wwGQNwY/nI3/+Ojc1MKHCmITRJ6VWkQzDtMD6fAEb60ACRUCnlIAonMKW9YzqYmYxbyVu9vTb++yNRg==",
      "engines": {
        "node": ">=10"
      }
    }
  },
  "dependencies": {
    "env-var": {
      "version": "7.1.1",
      "resolved": "https://registry.npmjs.org/env-var/-/env-var-7.1.1.tgz",
      "integrity": "sha512-4+vvlq+wwGQNwY/nI3/+Ojc1MKHCmITRJ6VWkQzDtMD6fAEb60ACRUCnlIAonMKW9YzqYmYxbyVu9vTb++yNRg=="
    }
  }
}
